
Microsoft Visual Studio Solution File, Format Version 12.00
# Visual Studio Version 17
VisualStudioVersion = 17.3.32901.215
MinimumVisualStudioVersion = 10.0.40219.1
Project("{FAE04EC0-301F-11D3-BF4B-00C04F79EFBC}") = "АТМ БД", "АТМ БД\АТМ БД.csproj", "{6407E85B-9330-478E-A7EC-97C4FAB1B2C2}"
EndProject
Global
	GlobalSection(SolutionConfigurationPlatforms) = preSolution
		Debug|Any CPU = Debug|Any CPU
		Release|Any CPU = Release|Any CPU
	EndGlobalSection
	GlobalSection(ProjectConfigurationPlatforms) = postSolution
		{6407E85B-9330-478E-A7EC-97C4FAB1B2C2}.Debug|Any CPU.ActiveCfg = Debug|Any CPU
		{6407E85B-9330-478E-A7EC-97C4FAB1B2C2}.Debug|Any CPU.Build.0 = Debug|Any CPU
		{6407E85B-9330-478E-A7EC-97C4FAB1B2C2}.Release|Any CPU.ActiveCfg = Release|Any CPU
		{6407E85B-9330-478E-A7EC-97C4FAB1B2C2}.Release|Any CPU.Build.0 = Release|Any CPU
	EndGlobalSection
	GlobalSection(SolutionProperties) = preSolution
		HideSolutionNode = FALSE
	EndGlobalSection
	GlobalSection(ExtensibilityGlobals) = postSolution
		SolutionGuid = {09044193-AB18-4DF2-9CC2-AB2F967BA5B1}
	EndGlobalSection
EndGlobal
